
Microsoft Visual Studio Solution File, Format Version 12.00
# Visual Studio Version 17
VisualStudioVersion = 17.6.33723.286
MinimumVisualStudioVersion = 10.0.40219.1
Project("{9A19103F-16F7-4668-BE54-9A1E7A4F7556}") = "DAL", "DAL\DAL.csproj", "{86A9411A-7062-43CA-9C5E-221DA724549B}"
EndProject
Project("{9A19103F-16F7-4668-BE54-9A1E7A4F7556}") = "ET", "ET\ET.csproj", "{22B25CD3-7336-4E40-A806-6B45C051D511}"
EndProject
Project("{9A19103F-16F7-4668-BE54-9A1E7A4F7556}") = "BL", "BL\BL.csproj", "{4C5A2A4B-06AA-4EAA-96F3-799E8981B9DF}"
EndProject
Project("{FAE04EC0-301F-11D3-BF4B-00C04F79EFBC}") = "Web", "Web\Web.csproj", "{6245A9FB-BEE7-4C60-9B43-FE0D318CC24E}"
EndProject
Global
	GlobalSection(SolutionConfigurationPlatforms) = preSolution
		Debug|Any CPU = Debug|Any CPU
		Release|Any CPU = Release|Any CPU
	EndGlobalSection
	GlobalSection(ProjectConfigurationPlatforms) = postSolution
		{86A9411A-7062-43CA-9C5E-221DA724549B}.Debug|Any CPU.ActiveCfg = Debug|Any CPU
		{86A9411A-7062-43CA-9C5E-221DA724549B}.Debug|Any CPU.Build.0 = Debug|Any CPU
		{86A9411A-7062-43CA-9C5E-221DA724549B}.Release|Any CPU.ActiveCfg = Release|Any CPU
		{86A9411A-7062-43CA-9C5E-221DA724549B}.Release|Any CPU.Build.0 = Release|Any CPU
		{22B25CD3-7336-4E40-A806-6B45C051D511}.Debug|Any CPU.ActiveCfg = Debug|Any CPU
		{22B25CD3-7336-4E40-A806-6B45C051D511}.Debug|Any CPU.Build.0 = Debug|Any CPU
		{22B25CD3-7336-4E40-A806-6B45C051D511}.Release|Any CPU.ActiveCfg = Release|Any CPU
		{22B25CD3-7336-4E40-A806-6B45C051D511}.Release|Any CPU.Build.0 = Release|Any CPU
		{4C5A2A4B-06AA-4EAA-96F3-799E8981B9DF}.Debug|Any CPU.ActiveCfg = Debug|Any CPU
		{4C5A2A4B-06AA-4EAA-96F3-799E8981B9DF}.Debug|Any CPU.Build.0 = Debug|Any CPU
		{4C5A2A4B-06AA-4EAA-96F3-799E8981B9DF}.Release|Any CPU.ActiveCfg = Release|Any CPU
		{4C5A2A4B-06AA-4EAA-96F3-799E8981B9DF}.Release|Any CPU.Build.0 = Release|Any CPU
		{6245A9FB-BEE7-4C60-9B43-FE0D318CC24E}.Debug|Any CPU.ActiveCfg = Debug|Any CPU
		{6245A9FB-BEE7-4C60-9B43-FE0D318CC24E}.Debug|Any CPU.Build.0 = Debug|Any CPU
		{6245A9FB-BEE7-4C60-9B43-FE0D318CC24E}.Release|Any CPU.ActiveCfg = Release|Any CPU
		{6245A9FB-BEE7-4C60-9B43-FE0D318CC24E}.Release|Any CPU.Build.0 = Release|Any CPU
	EndGlobalSection
	GlobalSection(SolutionProperties) = preSolution
		HideSolutionNode = FALSE
	EndGlobalSection
	GlobalSection(ExtensibilityGlobals) = postSolution
		SolutionGuid = {57C9C9E1-97C7-4DDD-B37A-26049234E320}
	EndGlobalSection
EndGlobal
